
Microsoft Visual Studio Solution File, Format Version 12.00
# Visual Studio Version 17
VisualStudioVersion = 17.14.36915.13 d17.14
MinimumVisualStudioVersion = 10.0.40219.1
Project("{FAE04EC0-301F-11D3-BF4B-00C04F79EFBC}") = "Projeto19", "Projeto19\Projeto19.csproj", "{0D0267C0-ECD1-4CDF-96F9-C617C778D1E9}"
EndProject
Global
	GlobalSection(SolutionConfigurationPlatforms) = preSolution
		Debug|Any CPU = Debug|Any CPU
		Release|Any CPU = Release|Any CPU
	EndGlobalSection
	GlobalSection(ProjectConfigurationPlatforms) = postSolution
		{0D0267C0-ECD1-4CDF-96F9-C617C778D1E9}.Debug|Any CPU.ActiveCfg = Debug|Any CPU
		{0D0267C0-ECD1-4CDF-96F9-C617C778D1E9}.Debug|Any CPU.Build.0 = Debug|Any CPU
		{0D0267C0-ECD1-4CDF-96F9-C617C778D1E9}.Release|Any CPU.ActiveCfg = Release|Any CPU
		{0D0267C0-ECD1-4CDF-96F9-C617C778D1E9}.Release|Any CPU.Build.0 = Release|Any CPU
	EndGlobalSection
	GlobalSection(SolutionProperties) = preSolution
		HideSolutionNode = FALSE
	EndGlobalSection
	GlobalSection(ExtensibilityGlobals) = postSolution
		SolutionGuid = {FD01BBCD-A7F1-4F09-9BB7-F9E779C9C3EE}
	EndGlobalSection
EndGlobal
