
Microsoft Visual Studio Solution File, Format Version 12.00
# Visual Studio Version 17
VisualStudioVersion = 17.14.36915.13 d17.14
MinimumVisualStudioVersion = 10.0.40219.1
Project("{FAE04EC0-301F-11D3-BF4B-00C04F79EFBC}") = "Projeto20", "Projeto20\Projeto20.csproj", "{FF0DA5E4-9CBD-4588-B31C-1EA2E96BE765}"
EndProject
Global
	GlobalSection(SolutionConfigurationPlatforms) = preSolution
		Debug|Any CPU = Debug|Any CPU
		Release|Any CPU = Release|Any CPU
	EndGlobalSection
	GlobalSection(ProjectConfigurationPlatforms) = postSolution
		{FF0DA5E4-9CBD-4588-B31C-1EA2E96BE765}.Debug|Any CPU.ActiveCfg = Debug|Any CPU
		{FF0DA5E4-9CBD-4588-B31C-1EA2E96BE765}.Debug|Any CPU.Build.0 = Debug|Any CPU
		{FF0DA5E4-9CBD-4588-B31C-1EA2E96BE765}.Release|Any CPU.ActiveCfg = Release|Any CPU
		{FF0DA5E4-9CBD-4588-B31C-1EA2E96BE765}.Release|Any CPU.Build.0 = Release|Any CPU
	EndGlobalSection
	GlobalSection(SolutionProperties) = preSolution
		HideSolutionNode = FALSE
	EndGlobalSection
	GlobalSection(ExtensibilityGlobals) = postSolution
		SolutionGuid = {8BF4CDA0-A16C-4B32-BEAD-6C89AFF3BC5B}
	EndGlobalSection
EndGlobal
