
Microsoft Visual Studio Solution File, Format Version 12.00
# Visual Studio Version 17
VisualStudioVersion = 17.14.36915.13 d17.14
MinimumVisualStudioVersion = 10.0.40219.1
Project("{FAE04EC0-301F-11D3-BF4B-00C04F79EFBC}") = "AprendendoDictionarySortedSet", "AprendendoDictionarySortedSet\AprendendoDictionarySortedSet.csproj", "{22D1F5FB-9194-4A59-AB5F-F1530A862DDB}"
EndProject
Global
	GlobalSection(SolutionConfigurationPlatforms) = preSolution
		Debug|Any CPU = Debug|Any CPU
		Release|Any CPU = Release|Any CPU
	EndGlobalSection
	GlobalSection(ProjectConfigurationPlatforms) = postSolution
		{22D1F5FB-9194-4A59-AB5F-F1530A862DDB}.Debug|Any CPU.ActiveCfg = Debug|Any CPU
		{22D1F5FB-9194-4A59-AB5F-F1530A862DDB}.Debug|Any CPU.Build.0 = Debug|Any CPU
		{22D1F5FB-9194-4A59-AB5F-F1530A862DDB}.Release|Any CPU.ActiveCfg = Release|Any CPU
		{22D1F5FB-9194-4A59-AB5F-F1530A862DDB}.Release|Any CPU.Build.0 = Release|Any CPU
	EndGlobalSection
	GlobalSection(SolutionProperties) = preSolution
		HideSolutionNode = FALSE
	EndGlobalSection
	GlobalSection(ExtensibilityGlobals) = postSolution
		SolutionGuid = {34700DD5-31C0-4AA4-B487-B3D23B40B90A}
	EndGlobalSection
EndGlobal
