
Microsoft Visual Studio Solution File, Format Version 12.00
# Visual Studio Version 17
VisualStudioVersion = 17.14.36915.13 d17.14
MinimumVisualStudioVersion = 10.0.40219.1
Project("{FAE04EC0-301F-11D3-BF4B-00C04F79EFBC}") = "Projeto31", "Projeto31\Projeto31.csproj", "{31B54B99-4B61-4192-822A-EF8B59E2A6BE}"
EndProject
Global
	GlobalSection(SolutionConfigurationPlatforms) = preSolution
		Debug|Any CPU = Debug|Any CPU
		Release|Any CPU = Release|Any CPU
	EndGlobalSection
	GlobalSection(ProjectConfigurationPlatforms) = postSolution
		{31B54B99-4B61-4192-822A-EF8B59E2A6BE}.Debug|Any CPU.ActiveCfg = Debug|Any CPU
		{31B54B99-4B61-4192-822A-EF8B59E2A6BE}.Debug|Any CPU.Build.0 = Debug|Any CPU
		{31B54B99-4B61-4192-822A-EF8B59E2A6BE}.Release|Any CPU.ActiveCfg = Release|Any CPU
		{31B54B99-4B61-4192-822A-EF8B59E2A6BE}.Release|Any CPU.Build.0 = Release|Any CPU
	EndGlobalSection
	GlobalSection(SolutionProperties) = preSolution
		HideSolutionNode = FALSE
	EndGlobalSection
	GlobalSection(ExtensibilityGlobals) = postSolution
		SolutionGuid = {F7A56A97-06FA-4694-87F3-320AB0C1CCCF}
	EndGlobalSection
EndGlobal
